// !$*UTF8*$!
{
	archiveVersion = 1;
	classes = {
	};
	objectVersion = 77;
	objects = {

/* Begin PBXContainerItemProxy section */
		C8AF93032D47899B00FD69C6 /* PBXContainerItemProxy */ = {
			isa = PBXContainerItemProxy;
			containerPortal = C8AF92EA2D47899900FD69C6 /* Project object */;
			proxyType = 1;
			remoteGlobalIDString = C8AF92F12D47899900FD69C6;
			remoteInfo = ChatViewWithSwiftUI;
		};
		C8AF930D2D47899B00FD69C6 /* PBXContainerItemProxy */ = {
			isa = PBXContainerItemProxy;
			containerPortal = C8AF92EA2D47899900FD69C6 /* Project object */;
			proxyType = 1;
			remoteGlobalIDString = C8AF92F12D47899900FD69C6;
			remoteInfo = ChatViewWithSwiftUI;
		};
/* End PBXContainerItemProxy section */

/* Begin PBXFileReference section */
		C8AF92F22D47899900FD69C6 /* ChatViewWithSwiftUI.app */ = {isa = PBXFileReference; explicitFileType = wrapper.application; includeInIndex = 0; path = ChatViewWithSwiftUI.app; sourceTree = BUILT_PRODUCTS_DIR; };
		C8AF93022D47899B00FD69C6 /* ChatViewWithSwiftUITests.xctest */ = {isa = PBXFileReference; explicitFileType = wrapper.cfbundle; includeInIndex = 0; path = ChatViewWithSwiftUITests.xctest; sourceTree = BUILT_PRODUCTS_DIR; };
		C8AF930C2D47899B00FD69C6 /* ChatViewWithSwiftUIUITests.xctest */ = {isa = PBXFileReference; explicitFileType = wrapper.cfbundle; includeInIndex = 0; path = ChatViewWithSwiftUIUITests.xctest; sourceTree = BUILT_PRODUCTS_DIR; };
/* End PBXFileReference section */

/* Begin PBXFileSystemSynchronizedRootGroup section */
		C8AF92F42D47899900FD69C6 /* ChatViewWithSwiftUI */ = {
			isa = PBXFileSystemSynchronizedRootGroup;
			path = ChatViewWithSwiftUI;
			sourceTree = "<group>";
		};
		C8AF93052D47899B00FD69C6 /* ChatViewWithSwiftUITests */ = {
			isa = PBXFileSystemSynchronizedRootGroup;
			path = ChatViewWithSwiftUITests;
			sourceTree = "<group>";
		};
		C8AF930F2D47899B00FD69C6 /* ChatViewWithSwiftUIUITests */ = {
			isa = PBXFileSystemSynchronizedRootGroup;
			path = ChatViewWithSwiftUIUITests;
			sourceTree = "<group>";
		};
/* End PBXFileSystemSynchronizedRootGroup section */

/* Begin PBXFrameworksBuildPhase section */
		C8AF92EF2D47899900FD69C6 /* Frameworks */ = {
			isa = PBXFrameworksBuildPhase;
			buildActionMask = 2147483647;
			files = (
			);
			runOnlyForDeploymentPostprocessing = 0;
		};
		C8AF92FF2D47899B00FD69C6 /* Frameworks */ = {
			isa = PBXFrameworksBuildPhase;
			buildActionMask = 2147483647;
			files = (
			);
			runOnlyForDeploymentPostprocessing = 0;
		};
		C8AF93092D47899B00FD69C6 /* Frameworks */ = {
			isa = PBXFrameworksBuildPhase;
			buildActionMask = 2147483647;
			files = (
			);
			runOnlyForDeploymentPostprocessing = 0;
		};
/* End PBXFrameworksBuildPhase section */

/* Begin PBXGroup section */
		C8AF92E92D47899900FD69C6 = {
			isa = PBXGroup;
			children = (
				C8AF92F42D47899900FD69C6 /* ChatViewWithSwiftUI */,
				C8AF93052D47899B00FD69C6 /* ChatViewWithSwiftUITests */,
				C8AF930F2D47899B00FD69C6 /* ChatViewWithSwiftUIUITests */,
				C8AF92F32D47899900FD69C6 /* Products */,
			);
			sourceTree = "<group>";
		};
		C8AF92F32D47899900FD69C6 /* Products */ = {
			isa = PBXGroup;
			children = (
				C8AF92F22D47899900FD69C6 /* ChatViewWithSwiftUI.app */,
				C8AF93022D47899B00FD69C6 /* ChatViewWithSwiftUITests.xctest */,
				C8AF930C2D47899B00FD69C6 /* ChatViewWithSwiftUIUITests.xctest */,
			);
			name = Products;
			sourceTree = "<group>";
		};
/* End PBXGroup section */

/* Begin PBXNativeTarget section */
		C8AF92F12D47899900FD69C6 /* ChatViewWithSwiftUI */ = {
			isa = PBXNativeTarget;
			buildConfigurationList = C8AF93162D47899B00FD69C6 /* Build configuration list for PBXNativeTarget "ChatViewWithSwiftUI" */;
			buildPhases = (
				C8AF92EE2D47899900FD69C6 /* Sources */,
				C8AF92EF2D47899900FD69C6 /* Frameworks */,
				C8AF92F02D47899900FD69C6 /* Resources */,
			);
			buildRules = (
			);
			dependencies = (
			);
			fileSystemSynchronizedGroups = (
				C8AF92F42D47899900FD69C6 /* ChatViewWithSwiftUI */,
			);
			name = ChatViewWithSwiftUI;
			packageProductDependencies = (
			);
			productName = ChatViewWithSwiftUI;
			productReference = C8AF92F22D47899900FD69C6 /* ChatViewWithSwiftUI.app */;
			productType = "com.apple.product-type.application";
		};
		C8AF93012D47899B00FD69C6 /* ChatViewWithSwiftUITests */ = {
			isa = PBXNativeTarget;
			buildConfigurationList = C8AF93192D47899B00FD69C6 /* Build configuration list for PBXNativeTarget "ChatViewWithSwiftUITests" */;
			buildPhases = (
				C8AF92FE2D47899B00FD69C6 /* Sources */,
				C8AF92FF2D47899B00FD69C6 /* Frameworks */,
				C8AF93002D47899B00FD69C6 /* Resources */,
			);
			buildRules = (
			);
			dependencies = (
				C8AF93042D47899B00FD69C6 /* PBXTargetDependency */,
			);
			fileSystemSynchronizedGroups = (
				C8AF93052D47899B00FD69C6 /* ChatViewWithSwiftUITests */,
			);
			name = ChatViewWithSwiftUITests;
			packageProductDependencies = (
			);
			productName = ChatViewWithSwiftUITests;
			productReference = C8AF93022D47899B00FD69C6 /* ChatViewWithSwiftUITests.xctest */;
			productType = "com.apple.product-type.bundle.unit-test";
		};
		C8AF930B2D47899B00FD69C6 /* ChatViewWithSwiftUIUITests */ = {
			isa = PBXNativeTarget;
			buildConfigurationList = C8AF931C2D47899B00FD69C6 /* Build configuration list for PBXNativeTarget "ChatViewWithSwiftUIUITests" */;
			buildPhases = (
				C8AF93082D47899B00FD69C6 /* Sources */,
				C8AF93092D47899B00FD69C6 /* Frameworks */,
				C8AF930A2D47899B00FD69C6 /* Resources */,
			);
			buildRules = (
			);
			dependencies = (
				C8AF930E2D47899B00FD69C6 /* PBXTargetDependency */,
			);
			fileSystemSynchronizedGroups = (
				C8AF930F2D47899B00FD69C6 /* ChatViewWithSwiftUIUITests */,
			);
			name = ChatViewWithSwiftUIUITests;
			packageProductDependencies = (
			);
			productName = ChatViewWithSwiftUIUITests;
			productReference = C8AF930C2D47899B00FD69C6 /* ChatViewWithSwiftUIUITests.xctest */;
			productType = "com.apple.product-type.bundle.ui-testing";
		};
/* End PBXNativeTarget section */

/* Begin PBXProject section */
		C8AF92EA2D47899900FD69C6 /* Project object */ = {
			isa = PBXProject;
			attributes = {
				BuildIndependentTargetsInParallel = 1;
				LastSwiftUpdateCheck = 1620;
				LastUpgradeCheck = 1620;
				TargetAttributes = {
					C8AF92F12D47899900FD69C6 = {
						CreatedOnToolsVersion = 16.2;
					};
					C8AF93012D47899B00FD69C6 = {
						CreatedOnToolsVersion = 16.2;
						TestTargetID = C8AF92F12D47899900FD69C6;
					};
					C8AF930B2D47899B00FD69C6 = {
						CreatedOnToolsVersion = 16.2;
						TestTargetID = C8AF92F12D47899900FD69C6;
					};
				};
			};
			buildConfigurationList = C8AF92ED2D47899900FD69C6 /* Build configuration list for PBXProject "ChatViewWithSwiftUI" */;
			developmentRegion = en;
			hasScannedForEncodings = 0;
			knownRegions = (
				en,
				Base,
			);
			mainGroup = C8AF92E92D47899900FD69C6;
			minimizedProjectReferenceProxies = 1;
			preferredProjectObjectVersion = 77;
			productRefGroup = C8AF92F32D47899900FD69C6 /* Products */;
			projectDirPath = "";
			projectRoot = "";
			targets = (
				C8AF92F12D47899900FD69C6 /* ChatViewWithSwiftUI */,
				C8AF93012D47899B00FD69C6 /* ChatViewWithSwiftUITests */,
				C8AF930B2D47899B00FD69C6 /* ChatViewWithSwiftUIUITests */,
			);
		};
/* End PBXProject section */

/* Begin PBXResourcesBuildPhase section */
		C8AF92F02D47899900FD69C6 /* Resources */ = {
			isa = PBXResourcesBuildPhase;
			buildActionMask = 2147483647;
			files = (
			);
			runOnlyForDeploymentPostprocessing = 0;
		};
		C8AF93002D47899B00FD69C6 /* Resources */ = {
			isa = PBXResourcesBuildPhase;
			buildActionMask = 2147483647;
			files = (
			);
			runOnlyForDeploymentPostprocessing = 0;
		};
		C8AF930A2D47899B00FD69C6 /* Resources */ = {
			isa = PBXResourcesBuildPhase;
			buildActionMask = 2147483647;
			files = (
			);
			runOnlyForDeploymentPostprocessing = 0;
		};
/* End PBXResourcesBuildPhase section */

/* Begin PBXSourcesBuildPhase section */
		C8AF92EE2D47899900FD69C6 /* Sources */ = {
			isa = PBXSourcesBuildPhase;
			buildActionMask = 2147483647;
			files = (
			);
			runOnlyForDeploymentPostprocessing = 0;
		};
		C8AF92FE2D47899B00FD69C6 /* Sources */ = {
			isa = PBXSourcesBuildPhase;
			buildActionMask = 2147483647;
			files = (
			);
			runOnlyForDeploymentPostprocessing = 0;
		};
		C8AF93082D47899B00FD69C6 /* Sources */ = {
			isa = PBXSourcesBuildPhase;
			buildActionMask = 2147483647;
			files = (
			);
			runOnlyForDeploymentPostprocessing = 0;
		};
/* End PBXSourcesBuildPhase section */

/* Begin PBXTargetDependency section */
		C8AF93042D47899B00FD69C6 /* PBXTargetDependency */ = {
			isa = PBXTargetDependency;
			target = C8AF92F12D47899900FD69C6 /* ChatViewWithSwiftUI */;
			targetProxy = C8AF93032D47899B00FD69C6 /* PBXContainerItemProxy */;
		};
		C8AF930E2D47899B00FD69C6 /* PBXTargetDependency */ = {
			isa = PBXTargetDependency;
			target = C8AF92F12D47899900FD69C6 /* ChatViewWithSwiftUI */;
			targetProxy = C8AF930D2D47899B00FD69C6 /* PBXContainerItemProxy */;
		};
/* End PBXTargetDependency section */

/* Begin XCBuildConfiguration section */
		C8AF93142D47899B00FD69C6 /* Debug */ = {
			isa = XCBuildConfiguration;
			buildSettings = {
				ALWAYS_SEARCH_USER_PATHS = NO;
				ASSETCATALOG_COMPILER_GENERATE_SWIFT_ASSET_SYMBOL_EXTENSIONS = YES;
				CLANG_ANALYZER_NONNULL = YES;
				CLANG_ANALYZER_NUMBER_OBJECT_CONVERSION = YES_AGGRESSIVE;
				CLANG_CXX_LANGUAGE_STANDARD = "gnu++20";
				CLANG_ENABLE_MODULES = YES;
				CLANG_ENABLE_OBJC_ARC = YES;
				CLANG_ENABLE_OBJC_WEAK = YES;
				CLANG_WARN_BLOCK_CAPTURE_AUTORELEASING = YES;
				CLANG_WARN_BOOL_CONVERSION = YES;
				CLANG_WARN_COMMA = YES;
				CLANG_WARN_CONSTANT_CONVERSION = YES;
				CLANG_WARN_DEPRECATED_OBJC_IMPLEMENTATIONS = YES;
				CLANG_WARN_DIRECT_OBJC_ISA_USAGE = YES_ERROR;
				CLANG_WARN_DOCUMENTATION_COMMENTS = YES;
				CLANG_WARN_EMPTY_BODY = YES;
				CLANG_WARN_ENUM_CONVERSION = YES;
				CLANG_WARN_INFINITE_RECURSION = YES;
				CLANG_WARN_INT_CONVERSION = YES;
				CLANG_WARN_NON_LITERAL_NULL_CONVERSION = YES;
				CLANG_WARN_OBJC_IMPLICIT_RETAIN_SELF = YES;
				CLANG_WARN_OBJC_LITERAL_CONVERSION = YES;
				CLANG_WARN_OBJC_ROOT_CLASS = YES_ERROR;
				CLANG_WARN_QUOTED_INCLUDE_IN_FRAMEWORK_HEADER = YES;
				CLANG_WARN_RANGE_LOOP_ANALYSIS = YES;
				CLANG_WARN_STRICT_PROTOTYPES = YES;
				CLANG_WARN_SUSPICIOUS_MOVE = YES;
				CLANG_WARN_UNGUARDED_AVAILABILITY = YES_AGGRESSIVE;
				CLANG_WARN_UNREACHABLE_CODE = YES;
				CLANG_WARN__DUPLICATE_METHOD_MATCH = YES;
				COPY_PHASE_STRIP = NO;
				DEBUG_INFORMATION_FORMAT = dwarf;
				ENABLE_STRICT_OBJC_MSGSEND = YES;
				ENABLE_TESTABILITY = YES;
				ENABLE_USER_SCRIPT_SANDBOXING = YES;
				GCC_C_LANGUAGE_STANDARD = gnu17;
				GCC_DYNAMIC_NO_PIC = NO;
				GCC_NO_COMMON_BLOCKS = YES;
				GCC_OPTIMIZATION_LEVEL = 0;
				GCC_PREPROCESSOR_DEFINITIONS = (
					"DEBUG=1",
					"$(inherited)",
				);
				GCC_WARN_64_TO_32_BIT_CONVERSION = YES;
				GCC_WARN_ABOUT_RETURN_TYPE = YES_ERROR;
				GCC_WARN_UNDECLARED_SELECTOR = YES;
				GCC_WARN_UNINITIALIZED_AUTOS = YES_AGGRESSIVE;
				GCC_WARN_UNUSED_FUNCTION = YES;
				GCC_WARN_UNUSED_VARIABLE = YES;
				IPHONEOS_DEPLOYMENT_TARGET = 18.2;
				LOCALIZATION_PREFERS_STRING_CATALOGS = YES;
				MTL_ENABLE_DEBUG_INFO = INCLUDE_SOURCE;
				MTL_FAST_MATH = YES;
				ONLY_ACTIVE_ARCH = YES;
				SDKROOT = iphoneos;
				SWIFT_ACTIVE_COMPILATION_CONDITIONS = "DEBUG $(inherited)";
				SWIFT_OPTIMIZATION_LEVEL = "-Onone";
			};
			name = Debug;
		};
		C8AF93152D47899B00FD69C6 /* Release */ = {
			isa = XCBuildConfiguration;
			buildSettings = {
				ALWAYS_SEARCH_USER_PATHS = NO;
				ASSETCATALOG_COMPILER_GENERATE_SWIFT_ASSET_SYMBOL_EXTENSIONS = YES;
				CLANG_ANALYZER_NONNULL = YES;
				CLANG_ANALYZER_NUMBER_OBJECT_CONVERSION = YES_AGGRESSIVE;
				CLANG_CXX_LANGUAGE_STANDARD = "gnu++20";
				CLANG_ENABLE_MODULES = YES;
				CLANG_ENABLE_OBJC_ARC = YES;
				CLANG_ENABLE_OBJC_WEAK = YES;
				CLANG_WARN_BLOCK_CAPTURE_AUTORELEASING = YES;
				CLANG_WARN_BOOL_CONVERSION = YES;
				CLANG_WARN_COMMA = YES;
				CLANG_WARN_CONSTANT_CONVERSION = YES;
				CLANG_WARN_DEPRECATED_OBJC_IMPLEMENTATIONS = YES;
				CLANG_WARN_DIRECT_OBJC_ISA_USAGE = YES_ERROR;
				CLANG_WARN_DOCUMENTATION_COMMENTS = YES;
				CLANG_WARN_EMPTY_BODY = YES;
				CLANG_WARN_ENUM_CONVERSION = YES;
				CLANG_WARN_INFINITE_RECURSION = YES;
				CLANG_WARN_INT_CONVERSION = YES;
				CLANG_WARN_NON_LITERAL_NULL_CONVERSION = YES;
				CLANG_WARN_OBJC_IMPLICIT_RETAIN_SELF = YES;
				CLANG_WARN_OBJC_LITERAL_CONVERSION = YES;
				CLANG_WARN_OBJC_ROOT_CLASS = YES_ERROR;
				CLANG_WARN_QUOTED_INCLUDE_IN_FRAMEWORK_HEADER = YES;
				CLANG_WARN_RANGE_LOOP_ANALYSIS = YES;
				CLANG_WARN_STRICT_PROTOTYPES = YES;
				CLANG_WARN_SUSPICIOUS_MOVE = YES;
				CLANG_WARN_UNGUARDED_AVAILABILITY = YES_AGGRESSIVE;
				CLANG_WARN_UNREACHABLE_CODE = YES;
				CLANG_WARN__DUPLICATE_METHOD_MATCH = YES;
				COPY_PHASE_STRIP = NO;
				DEBUG_INFORMATION_FORMAT = "dwarf-with-dsym";
				ENABLE_NS_ASSERTIONS = NO;
				ENABLE_STRICT_OBJC_MSGSEND = YES;
				ENABLE_USER_SCRIPT_SANDBOXING = YES;
				GCC_C_LANGUAGE_STANDARD = gnu17;
				GCC_NO_COMMON_BLOCKS = YES;
				GCC_WARN_64_TO_32_BIT_CONVERSION = YES;
				GCC_WARN_ABOUT_RETURN_TYPE = YES_ERROR;
				GCC_WARN_UNDECLARED_SELECTOR = YES;
				GCC_WARN_UNINITIALIZED_AUTOS = YES_AGGRESSIVE;
				GCC_WARN_UNUSED_FUNCTION = YES;
				GCC_WARN_UNUSED_VARIABLE = YES;
				IPHONEOS_DEPLOYMENT_TARGET = 18.2;
				LOCALIZATION_PREFERS_STRING_CATALOGS = YES;
				MTL_ENABLE_DEBUG_INFO = NO;
				MTL_FAST_MATH = YES;
				SDKROOT = iphoneos;
				SWIFT_COMPILATION_MODE = wholemodule;
				VALIDATE_PRODUCT = YES;
			};
			name = Release;
		};
		C8AF93172D47899B00FD69C6 /* Debug */ = {
			isa = XCBuildConfiguration;
			buildSettings = {
				ASSETCATALOG_COMPILER_APPICON_NAME = AppIcon;
				ASSETCATALOG_COMPILER_GLOBAL_ACCENT_COLOR_NAME = AccentColor;
				CODE_SIGN_STYLE = Automatic;
				CURRENT_PROJECT_VERSION = 1;
				DEVELOPMENT_ASSET_PATHS = "\"ChatViewWithSwiftUI/Preview Content\"";
				ENABLE_PREVIEWS = YES;
				GENERATE_INFOPLIST_FILE = YES;
				INFOPLIST_KEY_UIApplicationSceneManifest_Generation = YES;
				INFOPLIST_KEY_UIApplicationSupportsIndirectInputEvents = YES;
				INFOPLIST_KEY_UILaunchScreen_Generation = YES;
				INFOPLIST_KEY_UISupportedInterfaceOrientations_iPad = "UIInterfaceOrientationPortrait UIInterfaceOrientationPortraitUpsideDown UIInterfaceOrientationLandscapeLeft UIInterfaceOrientationLandscapeRight";
				INFOPLIST_KEY_UISupportedInterfaceOrientations_iPhone = "UIInterfaceOrientationPortrait UIInterfaceOrientationLandscapeLeft UIInterfaceOrientationLandscapeRight";
				LD_RUNPATH_SEARCH_PATHS = (
					"$(inherited)",
					"@executable_path/Frameworks",
				);
				MARKETING_VERSION = 1.0;
				PRODUCT_BUNDLE_IDENTIFIER = co.K.AME.ChatViewWithSwiftUI.ChatViewWithSwiftUI;
				PRODUCT_NAME = "$(TARGET_NAME)";
				SWIFT_EMIT_LOC_STRINGS = YES;
				SWIFT_VERSION = 5.0;
				TARGETED_DEVICE_FAMILY = "1,2";
			};
			name = Debug;
		};
		C8AF93182D47899B00FD69C6 /* Release */ = {
			isa = XCBuildConfiguration;
			buildSettings = {
				ASSETCATALOG_COMPILER_APPICON_NAME = AppIcon;
				ASSETCATALOG_COMPILER_GLOBAL_ACCENT_COLOR_NAME = AccentColor;
				CODE_SIGN_STYLE = Automatic;
				CURRENT_PROJECT_VERSION = 1;
				DEVELOPMENT_ASSET_PATHS = "\"ChatViewWithSwiftUI/Preview Content\"";
				ENABLE_PREVIEWS = YES;
				GENERATE_INFOPLIST_FILE = YES;
				INFOPLIST_KEY_UIApplicationSceneManifest_Generation = YES;
				INFOPLIST_KEY_UIApplicationSupportsIndirectInputEvents = YES;
				INFOPLIST_KEY_UILaunchScreen_Generation = YES;
				INFOPLIST_KEY_UISupportedInterfaceOrientations_iPad = "UIInterfaceOrientationPortrait UIInterfaceOrientationPortraitUpsideDown UIInterfaceOrientationLandscapeLeft UIInterfaceOrientationLandscapeRight";
				INFOPLIST_KEY_UISupportedInterfaceOrientations_iPhone = "UIInterfaceOrientationPortrait UIInterfaceOrientationLandscapeLeft UIInterfaceOrientationLandscapeRight";
				LD_RUNPATH_SEARCH_PATHS = (
					"$(inherited)",
					"@executable_path/Frameworks",
				);
				MARKETING_VERSION = 1.0;
				PRODUCT_BUNDLE_IDENTIFIER = co.K.AME.ChatViewWithSwiftUI.ChatViewWithSwiftUI;
				PRODUCT_NAME = "$(TARGET_NAME)";
				SWIFT_EMIT_LOC_STRINGS = YES;
				SWIFT_VERSION = 5.0;
				TARGETED_DEVICE_FAMILY = "1,2";
			};
			name = Release;
		};
		C8AF931A2D47899B00FD69C6 /* Debug */ = {
			isa = XCBuildConfiguration;
			buildSettings = {
				BUNDLE_LOADER = "$(TEST_HOST)";
				CODE_SIGN_STYLE = Automatic;
				CURRENT_PROJECT_VERSION = 1;
				GENERATE_INFOPLIST_FILE = YES;
				IPHONEOS_DEPLOYMENT_TARGET = 18.2;
				MARKETING_VERSION = 1.0;
				PRODUCT_BUNDLE_IDENTIFIER = co.K.AME.ChatViewWithSwiftUI.ChatViewWithSwiftUITests;
				PRODUCT_NAME = "$(TARGET_NAME)";
				SWIFT_EMIT_LOC_STRINGS = NO;
				SWIFT_VERSION = 5.0;
				TARGETED_DEVICE_FAMILY = "1,2";
				TEST_HOST = "$(BUILT_PRODUCTS_DIR)/ChatViewWithSwiftUI.app/$(BUNDLE_EXECUTABLE_FOLDER_PATH)/ChatViewWithSwiftUI";
			};
			name = Debug;
		};
		C8AF931B2D47899B00FD69C6 /* Release */ = {
			isa = XCBuildConfiguration;
			buildSettings = {
				BUNDLE_LOADER = "$(TEST_HOST)";
				CODE_SIGN_STYLE = Automatic;
				CURRENT_PROJECT_VERSION = 1;
				GENERATE_INFOPLIST_FILE = YES;
				IPHONEOS_DEPLOYMENT_TARGET = 18.2;
				MARKETING_VERSION = 1.0;
				PRODUCT_BUNDLE_IDENTIFIER = co.K.AME.ChatViewWithSwiftUI.ChatViewWithSwiftUITests;
				PRODUCT_NAME = "$(TARGET_NAME)";
				SWIFT_EMIT_LOC_STRINGS = NO;
				SWIFT_VERSION = 5.0;
				TARGETED_DEVICE_FAMILY = "1,2";
				TEST_HOST = "$(BUILT_PRODUCTS_DIR)/ChatViewWithSwiftUI.app/$(BUNDLE_EXECUTABLE_FOLDER_PATH)/ChatViewWithSwiftUI";
			};
			name = Release;
		};
		C8AF931D2D47899B00FD69C6 /* Debug */ = {
			isa = XCBuildConfiguration;
			buildSettings = {
				CODE_SIGN_STYLE = Automatic;
				CURRENT_PROJECT_VERSION = 1;
				GENERATE_INFOPLIST_FILE = YES;
				MARKETING_VERSION = 1.0;
				PRODUCT_BUNDLE_IDENTIFIER = co.K.AME.ChatViewWithSwiftUI.ChatViewWithSwiftUIUITests;
				PRODUCT_NAME = "$(TARGET_NAME)";
				SWIFT_EMIT_LOC_STRINGS = NO;
				SWIFT_VERSION = 5.0;
				TARGETED_DEVICE_FAMILY = "1,2";
				TEST_TARGET_NAME = ChatViewWithSwiftUI;
			};
			name = Debug;
		};
		C8AF931E2D47899B00FD69C6 /* Release */ = {
			isa = XCBuildConfiguration;
			buildSettings = {
				CODE_SIGN_STYLE = Automatic;
				CURRENT_PROJECT_VERSION = 1;
				GENERATE_INFOPLIST_FILE = YES;
				MARKETING_VERSION = 1.0;
				PRODUCT_BUNDLE_IDENTIFIER = co.K.AME.ChatViewWithSwiftUI.ChatViewWithSwiftUIUITests;
				PRODUCT_NAME = "$(TARGET_NAME)";
				SWIFT_EMIT_LOC_STRINGS = NO;
				SWIFT_VERSION = 5.0;
				TARGETED_DEVICE_FAMILY = "1,2";
				TEST_TARGET_NAME = ChatViewWithSwiftUI;
			};
			name = Release;
		};
/* End XCBuildConfiguration section */

/* Begin XCConfigurationList section */
		C8AF92ED2D47899900FD69C6 /* Build configuration list for PBXProject "ChatViewWithSwiftUI" */ = {
			isa = XCConfigurationList;
			buildConfigurations = (
				C8AF93142D47899B00FD69C6 /* Debug */,
				C8AF93152D47899B00FD69C6 /* Release */,
			);
			defaultConfigurationIsVisible = 0;
			defaultConfigurationName = Release;
		};
		C8AF93162D47899B00FD69C6 /* Build configuration list for PBXNativeTarget "ChatViewWithSwiftUI" */ = {
			isa = XCConfigurationList;
			buildConfigurations = (
				C8AF93172D47899B00FD69C6 /* Debug */,
				C8AF93182D47899B00FD69C6 /* Release */,
			);
			defaultConfigurationIsVisible = 0;
			defaultConfigurationName = Release;
		};
		C8AF93192D47899B00FD69C6 /* Build configuration list for PBXNativeTarget "ChatViewWithSwiftUITests" */ = {
			isa = XCConfigurationList;
			buildConfigurations = (
				C8AF931A2D47899B00FD69C6 /* Debug */,
				C8AF931B2D47899B00FD69C6 /* Release */,
			);
			defaultConfigurationIsVisible = 0;
			defaultConfigurationName = Release;
		};
		C8AF931C2D47899B00FD69C6 /* Build configuration list for PBXNativeTarget "ChatViewWithSwiftUIUITests" */ = {
			isa = XCConfigurationList;
			buildConfigurations = (
				C8AF931D2D47899B00FD69C6 /* Debug */,
				C8AF931E2D47899B00FD69C6 /* Release */,
			);
			defaultConfigurationIsVisible = 0;
			defaultConfigurationName = Release;
		};
/* End XCConfigurationList section */
	};
	rootObject = C8AF92EA2D47899900FD69C6 /* Project object */;
}
